
Microsoft Visual Studio Solution File, Format Version 12.00
# Visual Studio Version 17
VisualStudioVersion = 17.9.34622.214
MinimumVisualStudioVersion = 10.0.40219.1
Project("{9A19103F-16F7-4668-BE54-9A1E7A4F7556}") = "Blazor.Live.Database", "Blazor.Live.Database.csproj", "{68BD0AB7-BD0F-401A-AFD4-7CBD43E325FB}"
EndProject
Global
	GlobalSection(SolutionConfigurationPlatforms) = preSolution
		Debug|Any CPU = Debug|Any CPU
		Release|Any CPU = Release|Any CPU
	EndGlobalSection
	GlobalSection(ProjectConfigurationPlatforms) = postSolution
		{68BD0AB7-BD0F-401A-AFD4-7CBD43E325FB}.Debug|Any CPU.ActiveCfg = Debug|Any CPU
		{68BD0AB7-BD0F-401A-AFD4-7CBD43E325FB}.Debug|Any CPU.Build.0 = Debug|Any CPU
		{68BD0AB7-BD0F-401A-AFD4-7CBD43E325FB}.Release|Any CPU.ActiveCfg = Release|Any CPU
		{68BD0AB7-BD0F-401A-AFD4-7CBD43E325FB}.Release|Any CPU.Build.0 = Release|Any CPU
	EndGlobalSection
	GlobalSection(SolutionProperties) = preSolution
		HideSolutionNode = FALSE
	EndGlobalSection
	GlobalSection(ExtensibilityGlobals) = postSolution
		SolutionGuid = {429099D1-C04D-4777-9402-54E2DEEAAF31}
	EndGlobalSection
EndGlobal
